
Microsoft Visual Studio Solution File, Format Version 12.00
# Visual Studio Version 16
VisualStudioVersion = 16.0.31410.357
MinimumVisualStudioVersion = 10.0.40219.1
Project("{FAE04EC0-301F-11D3-BF4B-00C04F79EFBC}") = "JsonConverter", "JsonConverter\JsonConverter.csproj", "{B3CE85D8-1875-4D0C-9332-B413C504B60B}"
EndProject
Global
	GlobalSection(SolutionConfigurationPlatforms) = preSolution
		Debug|Any CPU = Debug|Any CPU
		Release|Any CPU = Release|Any CPU
	EndGlobalSection
	GlobalSection(ProjectConfigurationPlatforms) = postSolution
		{B3CE85D8-1875-4D0C-9332-B413C504B60B}.Debug|Any CPU.ActiveCfg = Debug|Any CPU
		{B3CE85D8-1875-4D0C-9332-B413C504B60B}.Debug|Any CPU.Build.0 = Debug|Any CPU
		{B3CE85D8-1875-4D0C-9332-B413C504B60B}.Release|Any CPU.ActiveCfg = Release|Any CPU
		{B3CE85D8-1875-4D0C-9332-B413C504B60B}.Release|Any CPU.Build.0 = Release|Any CPU
	EndGlobalSection
	GlobalSection(SolutionProperties) = preSolution
		HideSolutionNode = FALSE
	EndGlobalSection
	GlobalSection(ExtensibilityGlobals) = postSolution
		SolutionGuid = {80E00B81-F0A8-4666-970C-9FCD4E70C177}
	EndGlobalSection
EndGlobal
